
Microsoft Visual Studio Solution File, Format Version 12.00
# Visual Studio Version 17
VisualStudioVersion = 17.6.33723.286
MinimumVisualStudioVersion = 10.0.40219.1
Project("{FAE04EC0-301F-11D3-BF4B-00C04F79EFBC}") = "IssueTrackerApi", "IssueTrackerApi\IssueTrackerApi.csproj", "{0B5A9912-9C70-4CB7-B350-48EB33663BCE}"
EndProject
Global
	GlobalSection(SolutionConfigurationPlatforms) = preSolution
		Debug|Any CPU = Debug|Any CPU
		Release|Any CPU = Release|Any CPU
	EndGlobalSection
	GlobalSection(ProjectConfigurationPlatforms) = postSolution
		{0B5A9912-9C70-4CB7-B350-48EB33663BCE}.Debug|Any CPU.ActiveCfg = Debug|Any CPU
		{0B5A9912-9C70-4CB7-B350-48EB33663BCE}.Debug|Any CPU.Build.0 = Debug|Any CPU
		{0B5A9912-9C70-4CB7-B350-48EB33663BCE}.Release|Any CPU.ActiveCfg = Release|Any CPU
		{0B5A9912-9C70-4CB7-B350-48EB33663BCE}.Release|Any CPU.Build.0 = Release|Any CPU
	EndGlobalSection
	GlobalSection(SolutionProperties) = preSolution
		HideSolutionNode = FALSE
	EndGlobalSection
	GlobalSection(ExtensibilityGlobals) = postSolution
		SolutionGuid = {FC1BCB4E-2E69-4325-A57B-E8FB1FE1EDFE}
	EndGlobalSection
EndGlobal
